Microsoft Visual Studio Solution File, Format Version 11.00
# Visual Studio 2010
Project("{FAE04EC0-301F-11D3-BF4B-00C04F79EFBC}") = "SilverlightApplication2", "SilverlightApplication2\SilverlightApplication2.csproj", "{9EAFABB9-FE2B-40A1-977D-1145C68CFABA}"
EndProject
Project("{FAE04EC0-301F-11D3-BF4B-00C04F79EFBC}") = "SilverlightApplication2.Web", "SilverlightApplication2.Web\SilverlightApplication2.Web.csproj", "{443EFFC0-98A1-4C1C-BDF5-B8AAFB8E2003}"
EndProject
Global
	GlobalSection(SolutionConfigurationPlatforms) = preSolution
		Debug|Any CPU = Debug|Any CPU
		Release|Any CPU = Release|Any CPU
	EndGlobalSection
	GlobalSection(ProjectConfigurationPlatforms) = postSolution
		{9EAFABB9-FE2B-40A1-977D-1145C68CFABA}.Debug|Any CPU.ActiveCfg = Debug|Any CPU
		{9EAFABB9-FE2B-40A1-977D-1145C68CFABA}.Debug|Any CPU.Build.0 = Debug|Any CPU
		{9EAFABB9-FE2B-40A1-977D-1145C68CFABA}.Release|Any CPU.ActiveCfg = Release|Any CPU
		{9EAFABB9-FE2B-40A1-977D-1145C68CFABA}.Release|Any CPU.Build.0 = Release|Any CPU
		{443EFFC0-98A1-4C1C-BDF5-B8AAFB8E2003}.Debug|Any CPU.ActiveCfg = Debug|Any CPU
		{443EFFC0-98A1-4C1C-BDF5-B8AAFB8E2003}.Debug|Any CPU.Build.0 = Debug|Any CPU
		{443EFFC0-98A1-4C1C-BDF5-B8AAFB8E2003}.Release|Any CPU.ActiveCfg = Release|Any CPU
		{443EFFC0-98A1-4C1C-BDF5-B8AAFB8E2003}.Release|Any CPU.Build.0 = Release|Any CPU
	EndGlobalSection
	GlobalSection(SolutionProperties) = preSolution
		HideSolutionNode = FALSE
	EndGlobalSection
EndGlobal
